PODS:
  - Aspects (1.4.1)
  - MBProgressHUD (1.1.0)
  - YNDetectWebBlank (0.0.1):
    - Aspects (~> 1.4.1)

DEPENDENCIES:
  - Aspects (= 1.4.1)
  - MBProgressHUD
  - YNDetectWebBlank (from `./`)

SPEC REPOS:
  https://github.com/cocoapods/specs.git:
    - Aspects
    - MBProgressHUD

EXTERNAL SOURCES:
  YNDetectWebBlank:
    :path: "./"

SPEC CHECKSUMS:
  Aspects: 7595ba96a6727a58ebcbfc954497fc5d2fdde546
  MBProgressHUD: e7baa36a220447d8aeb12769bf0585582f3866d9
  YNDetectWebBlank: 2e08e5aa7d69e495ee5d714671a2873c5c8c1c60

PODFILE CHECKSUM: b6b748863158e23f55035703f92369e39e9c7617

COCOAPODS: 1.5.3
